Microsoft Visual Studio Solution File, Format Version 12.00
# Visual Studio Version 17
VisualStudioVersion = 17.5.2.0
MinimumVisualStudioVersion = 10.0.40219.1
Project("{FAE04EC0-301F-11D3-BF4B-00C04F79EFBC}") = "InterfaceApp", "InterfaceApp.csproj", "{FA2CC39F-D305-176A-A123-590792A6231F}"
EndProject
Global
	GlobalSection(SolutionConfigurationPlatforms) = preSolution
		Debug|Any CPU = Debug|Any CPU
		Release|Any CPU = Release|Any CPU
	EndGlobalSection
	GlobalSection(ProjectConfigurationPlatforms) = postSolution
		{FA2CC39F-D305-176A-A123-590792A6231F}.Debug|Any CPU.ActiveCfg = Debug|Any CPU
		{FA2CC39F-D305-176A-A123-590792A6231F}.Debug|Any CPU.Build.0 = Debug|Any CPU
		{FA2CC39F-D305-176A-A123-590792A6231F}.Release|Any CPU.ActiveCfg = Release|Any CPU
		{FA2CC39F-D305-176A-A123-590792A6231F}.Release|Any CPU.Build.0 = Release|Any CPU
	EndGlobalSection
	GlobalSection(SolutionProperties) = preSolution
		HideSolutionNode = FALSE
	EndGlobalSection
	GlobalSection(ExtensibilityGlobals) = postSolution
		SolutionGuid = {8ADDBE23-1BC3-4F64-B8E6-ED7594FDFF9D}
	EndGlobalSection
EndGlobal
